// !$*UTF8*$!
{
	archiveVersion = 1;
	classes = {
	};
	objectVersion = 50;
	objects = {

/* Begin PBXBuildFile section */
		FA75D26924BA3029004F5F9F /* OWTeamBuilder_2App.swift in Sources */ = {isa = PBXBuildFile; fileRef = FA75D26824BA3029004F5F9F /* OWTeamBuilder_2App.swift */; };
		FA75D26B24BA3029004F5F9F /* ContentView.swift in Sources */ = {isa = PBXBuildFile; fileRef = FA75D26A24BA3029004F5F9F /* ContentView.swift */; };
		FA75D26D24BA302B004F5F9F /* Assets.xcassets in Resources */ = {isa = PBXBuildFile; fileRef = FA75D26C24BA302B004F5F9F /* Assets.xcassets */; };
		FA75D27024BA302B004F5F9F /* Preview Assets.xcassets in Resources */ = {isa = PBXBuildFile; fileRef = FA75D26F24BA302B004F5F9F /* Preview Assets.xcassets */; };
		FA75D27B24BA302C004F5F9F /* OWTeamBuilder_2Tests.swift in Sources */ = {isa = PBXBuildFile; fileRef = FA75D27A24BA302C004F5F9F /* OWTeamBuilder_2Tests.swift */; };
		FA75D28624BA302C004F5F9F /* OWTeamBuilder_2UITests.swift in Sources */ = {isa = PBXBuildFile; fileRef = FA75D28524BA302C004F5F9F /* OWTeamBuilder_2UITests.swift */; };
		FA75D29C24BA374E004F5F9F /* HeroSelectorView.swift in Sources */ = {isa = PBXBuildFile; fileRef = FA75D29824BA374B004F5F9F /* HeroSelectorView.swift */; };
		FA75D29D24BA374E004F5F9F /* HeroPortraitViewMask.swift in Sources */ = {isa = PBXBuildFile; fileRef = FA75D29924BA374C004F5F9F /* HeroPortraitViewMask.swift */; };
		FA75D29E24BA374E004F5F9F /* SelectableHeroView.swift in Sources */ = {isa = PBXBuildFile; fileRef = FA75D29A24BA374D004F5F9F /* SelectableHeroView.swift */; };
		FA75D29F24BA374E004F5F9F /* HeroScrollView.swift in Sources */ = {isa = PBXBuildFile; fileRef = FA75D29B24BA374D004F5F9F /* HeroScrollView.swift */; };
		FA75D2A124BA375D004F5F9F /* OWHero.swift in Sources */ = {isa = PBXBuildFile; fileRef = FA75D2A024BA375D004F5F9F /* OWHero.swift */; };
		FA75D2A324BA3766004F5F9F /* OWHeroFactory.swift in Sources */ = {isa = PBXBuildFile; fileRef = FA75D2A224BA3766004F5F9F /* OWHeroFactory.swift */; };
		FA75D2A524BA48A0004F5F9F /* TeamComposingView.swift in Sources */ = {isa = PBXBuildFile; fileRef = FA75D2A424BA48A0004F5F9F /* TeamComposingView.swift */; };
		FA75D2A724BA5192004F5F9F /* HeroPortraitView.swift in Sources */ = {isa = PBXBuildFile; fileRef = FA75D2A624BA5192004F5F9F /* HeroPortraitView.swift */; };
		FAFE8F5524BB5EE800B5ADB2 /* HeroPortraitBackground.swift in Sources */ = {isa = PBXBuildFile; fileRef = FAFE8F5424BB5EE800B5ADB2 /* HeroPortraitBackground.swift */; };
/* End PBXBuildFile section */

/* Begin PBXContainerItemProxy section */
		FA75D27724BA302C004F5F9F /* PBXContainerItemProxy */ = {
			isa = PBXContainerItemProxy;
			containerPortal = FA75D25D24BA3028004F5F9F /* Project object */;
			proxyType = 1;
			remoteGlobalIDString = FA75D26424BA3029004F5F9F;
			remoteInfo = OWTeamBuilder_2;
		};
		FA75D28224BA302C004F5F9F /* PBXContainerItemProxy */ = {
			isa = PBXContainerItemProxy;
			containerPortal = FA75D25D24BA3028004F5F9F /* Project object */;
			proxyType = 1;
			remoteGlobalIDString = FA75D26424BA3029004F5F9F;
			remoteInfo = OWTeamBuilder_2;
		};
/* End PBXContainerItemProxy section */

/* Begin PBXFileReference section */
		FA75D26524BA3029004F5F9F /* OWTeamBuilder_2.app */ = {isa = PBXFileReference; explicitFileType = wrapper.application; includeInIndex = 0; path = OWTeamBuilder_2.app; sourceTree = BUILT_PRODUCTS_DIR; };
		FA75D26824BA3029004F5F9F /* OWTeamBuilder_2App.swift */ = {isa = PBXFileReference; lastKnownFileType = sourcecode.swift; path = OWTeamBuilder_2App.swift; sourceTree = "<group>"; };
		FA75D26A24BA3029004F5F9F /* ContentView.swift */ = {isa = PBXFileReference; lastKnownFileType = sourcecode.swift; path = ContentView.swift; sourceTree = "<group>"; };
		FA75D26C24BA302B004F5F9F /* Assets.xcassets */ = {isa = PBXFileReference; lastKnownFileType = folder.assetcatalog; path = Assets.xcassets; sourceTree = "<group>"; };
		FA75D26F24BA302B004F5F9F /* Preview Assets.xcassets */ = {isa = PBXFileReference; lastKnownFileType = folder.assetcatalog; path = "Preview Assets.xcassets"; sourceTree = "<group>"; };
		FA75D27124BA302B004F5F9F /* Info.plist */ = {isa = PBXFileReference; lastKnownFileType = text.plist.xml; path = Info.plist; sourceTree = "<group>"; };
		FA75D27624BA302C004F5F9F /* OWTeamBuilder_2Tests.xctest */ = {isa = PBXFileReference; explicitFileType = wrapper.cfbundle; includeInIndex = 0; path = OWTeamBuilder_2Tests.xctest; sourceTree = BUILT_PRODUCTS_DIR; };
		FA75D27A24BA302C004F5F9F /* OWTeamBuilder_2Tests.swift */ = {isa = PBXFileReference; lastKnownFileType = sourcecode.swift; path = OWTeamBuilder_2Tests.swift; sourceTree = "<group>"; };
		FA75D27C24BA302C004F5F9F /* Info.plist */ = {isa = PBXFileReference; lastKnownFileType = text.plist.xml; path = Info.plist; sourceTree = "<group>"; };
		FA75D28124BA302C004F5F9F /* OWTeamBuilder_2UITests.xctest */ = {isa = PBXFileReference; explicitFileType = wrapper.cfbundle; includeInIndex = 0; path = OWTeamBuilder_2UITests.xctest; sourceTree = BUILT_PRODUCTS_DIR; };
		FA75D28524BA302C004F5F9F /* OWTeamBuilder_2UITests.swift */ = {isa = PBXFileReference; lastKnownFileType = sourcecode.swift; path = OWTeamBuilder_2UITests.swift; sourceTree = "<group>"; };
		FA75D28724BA302C004F5F9F /* Info.plist */ = {isa = PBXFileReference; lastKnownFileType = text.plist.xml; path = Info.plist; sourceTree = "<group>"; };
		FA75D29824BA374B004F5F9F /* HeroSelectorView.swift */ = {isa = PBXFileReference; fileEncoding = 4; lastKnownFileType = sourcecode.swift; path = HeroSelectorView.swift; sourceTree = "<group>"; };
		FA75D29924BA374C004F5F9F /* HeroPortraitViewMask.swift */ = {isa = PBXFileReference; fileEncoding = 4; lastKnownFileType = sourcecode.swift; path = HeroPortraitViewMask.swift; sourceTree = "<group>"; };
		FA75D29A24BA374D004F5F9F /* SelectableHeroView.swift */ = {isa = PBXFileReference; fileEncoding = 4; lastKnownFileType = sourcecode.swift; path = SelectableHeroView.swift; sourceTree = "<group>"; };
		FA75D29B24BA374D004F5F9F /* HeroScrollView.swift */ = {isa = PBXFileReference; fileEncoding = 4; lastKnownFileType = sourcecode.swift; path = HeroScrollView.swift; sourceTree = "<group>"; };
		FA75D2A024BA375D004F5F9F /* OWHero.swift */ = {isa = PBXFileReference; fileEncoding = 4; lastKnownFileType = sourcecode.swift; path = OWHero.swift; sourceTree = "<group>"; };
		FA75D2A224BA3766004F5F9F /* OWHeroFactory.swift */ = {isa = PBXFileReference; fileEncoding = 4; lastKnownFileType = sourcecode.swift; path = OWHeroFactory.swift; sourceTree = "<group>"; };
		FA75D2A424BA48A0004F5F9F /* TeamComposingView.swift */ = {isa = PBXFileReference; lastKnownFileType = sourcecode.swift; path = TeamComposingView.swift; sourceTree = "<group>"; };
		FA75D2A624BA5192004F5F9F /* HeroPortraitView.swift */ = {isa = PBXFileReference; lastKnownFileType = sourcecode.swift; path = HeroPortraitView.swift; sourceTree = "<group>"; };
		FAFE8F5424BB5EE800B5ADB2 /* HeroPortraitBackground.swift */ = {isa = PBXFileReference; lastKnownFileType = sourcecode.swift; path = HeroPortraitBackground.swift; sourceTree = "<group>"; };
/* End PBXFileReference section */

/* Begin PBXFrameworksBuildPhase section */
		FA75D26224BA3029004F5F9F /* Frameworks */ = {
			isa = PBXFrameworksBuildPhase;
			buildActionMask = 2147483647;
			files = (
			);
			runOnlyForDeploymentPostprocessing = 0;
		};
		FA75D27324BA302C004F5F9F /* Frameworks */ = {
			isa = PBXFrameworksBuildPhase;
			buildActionMask = 2147483647;
			files = (
			);
			runOnlyForDeploymentPostprocessing = 0;
		};
		FA75D27E24BA302C004F5F9F /* Frameworks */ = {
			isa = PBXFrameworksBuildPhase;
			buildActionMask = 2147483647;
			files = (
			);
			runOnlyForDeploymentPostprocessing = 0;
		};
/* End PBXFrameworksBuildPhase section */

/* Begin PBXGroup section */
		FA75D25C24BA3028004F5F9F = {
			isa = PBXGroup;
			children = (
				FA75D26724BA3029004F5F9F /* OWTeamBuilder_2 */,
				FA75D27924BA302C004F5F9F /* OWTeamBuilder_2Tests */,
				FA75D28424BA302C004F5F9F /* OWTeamBuilder_2UITests */,
				FA75D26624BA3029004F5F9F /* Products */,
			);
			sourceTree = "<group>";
		};
		FA75D26624BA3029004F5F9F /* Products */ = {
			isa = PBXGroup;
			children = (
				FA75D26524BA3029004F5F9F /* OWTeamBuilder_2.app */,
				FA75D27624BA302C004F5F9F /* OWTeamBuilder_2Tests.xctest */,
				FA75D28124BA302C004F5F9F /* OWTeamBuilder_2UITests.xctest */,
			);
			name = Products;
			sourceTree = "<group>";
		};
		FA75D26724BA3029004F5F9F /* OWTeamBuilder_2 */ = {
			isa = PBXGroup;
			children = (
				FA75D26824BA3029004F5F9F /* OWTeamBuilder_2App.swift */,
				FA75D26A24BA3029004F5F9F /* ContentView.swift */,
				FA75D2A424BA48A0004F5F9F /* TeamComposingView.swift */,
				FA75D29424BA3693004F5F9F /* Model */,
				FA75D29324BA3689004F5F9F /* View */,
				FA75D29524BA36DB004F5F9F /* Extra */,
				FA75D26C24BA302B004F5F9F /* Assets.xcassets */,
				FA75D27124BA302B004F5F9F /* Info.plist */,
				FA75D26E24BA302B004F5F9F /* Preview Content */,
			);
			path = OWTeamBuilder_2;
			sourceTree = "<group>";
		};
		FA75D26E24BA302B004F5F9F /* Preview Content */ = {
			isa = PBXGroup;
			children = (
				FA75D26F24BA302B004F5F9F /* Preview Assets.xcassets */,
			);
			path = "Preview Content";
			sourceTree = "<group>";
		};
		FA75D27924BA302C004F5F9F /* OWTeamBuilder_2Tests */ = {
			isa = PBXGroup;
			children = (
				FA75D27A24BA302C004F5F9F /* OWTeamBuilder_2Tests.swift */,
				FA75D27C24BA302C004F5F9F /* Info.plist */,
			);
			path = OWTeamBuilder_2Tests;
			sourceTree = "<group>";
		};
		FA75D28424BA302C004F5F9F /* OWTeamBuilder_2UITests */ = {
			isa = PBXGroup;
			children = (
				FA75D28524BA302C004F5F9F /* OWTeamBuilder_2UITests.swift */,
				FA75D28724BA302C004F5F9F /* Info.plist */,
			);
			path = OWTeamBuilder_2UITests;
			sourceTree = "<group>";
		};
		FA75D29324BA3689004F5F9F /* View */ = {
			isa = PBXGroup;
			children = (
				FA75D29824BA374B004F5F9F /* HeroSelectorView.swift */,
				FA75D29B24BA374D004F5F9F /* HeroScrollView.swift */,
				FA75D29A24BA374D004F5F9F /* SelectableHeroView.swift */,
				FA75D2A624BA5192004F5F9F /* HeroPortraitView.swift */,
				FA75D29924BA374C004F5F9F /* HeroPortraitViewMask.swift */,
				FAFE8F5424BB5EE800B5ADB2 /* HeroPortraitBackground.swift */,
			);
			path = View;
			sourceTree = "<group>";
		};
		FA75D29424BA3693004F5F9F /* Model */ = {
			isa = PBXGroup;
			children = (
				FA75D2A024BA375D004F5F9F /* OWHero.swift */,
			);
			path = Model;
			sourceTree = "<group>";
		};
		FA75D29524BA36DB004F5F9F /* Extra */ = {
			isa = PBXGroup;
			children = (
				FA75D2A224BA3766004F5F9F /* OWHeroFactory.swift */,
			);
			path = Extra;
			sourceTree = "<group>";
		};
/* End PBXGroup section */

/* Begin PBXNativeTarget section */
		FA75D26424BA3029004F5F9F /* OWTeamBuilder_2 */ = {
			isa = PBXNativeTarget;
			buildConfigurationList = FA75D28A24BA302C004F5F9F /* Build configuration list for PBXNativeTarget "OWTeamBuilder_2" */;
			buildPhases = (
				FA75D26124BA3029004F5F9F /* Sources */,
				FA75D26224BA3029004F5F9F /* Frameworks */,
				FA75D26324BA3029004F5F9F /* Resources */,
			);
			buildRules = (
			);
			dependencies = (
			);
			name = OWTeamBuilder_2;
			productName = OWTeamBuilder_2;
			productReference = FA75D26524BA3029004F5F9F /* OWTeamBuilder_2.app */;
			productType = "com.apple.product-type.application";
		};
		FA75D27524BA302C004F5F9F /* OWTeamBuilder_2Tests */ = {
			isa = PBXNativeTarget;
			buildConfigurationList = FA75D28D24BA302C004F5F9F /* Build configuration list for PBXNativeTarget "OWTeamBuilder_2Tests" */;
			buildPhases = (
				FA75D27224BA302C004F5F9F /* Sources */,
				FA75D27324BA302C004F5F9F /* Frameworks */,
				FA75D27424BA302C004F5F9F /* Resources */,
			);
			buildRules = (
			);
			dependencies = (
				FA75D27824BA302C004F5F9F /* PBXTargetDependency */,
			);
			name = OWTeamBuilder_2Tests;
			productName = OWTeamBuilder_2Tests;
			productReference = FA75D27624BA302C004F5F9F /* OWTeamBuilder_2Tests.xctest */;
			productType = "com.apple.product-type.bundle.unit-test";
		};
		FA75D28024BA302C004F5F9F /* OWTeamBuilder_2UITests */ = {
			isa = PBXNativeTarget;
			buildConfigurationList = FA75D29024BA302C004F5F9F /* Build configuration list for PBXNativeTarget "OWTeamBuilder_2UITests" */;
			buildPhases = (
				FA75D27D24BA302C004F5F9F /* Sources */,
				FA75D27E24BA302C004F5F9F /* Frameworks */,
				FA75D27F24BA302C004F5F9F /* Resources */,
			);
			buildRules = (
			);
			dependencies = (
				FA75D28324BA302C004F5F9F /* PBXTargetDependency */,
			);
			name = OWTeamBuilder_2UITests;
			productName = OWTeamBuilder_2UITests;
			productReference = FA75D28124BA302C004F5F9F /* OWTeamBuilder_2UITests.xctest */;
			productType = "com.apple.product-type.bundle.ui-testing";
		};
/* End PBXNativeTarget section */

/* Begin PBXProject section */
		FA75D25D24BA3028004F5F9F /* Project object */ = {
			isa = PBXProject;
			attributes = {
				LastSwiftUpdateCheck = 1200;
				LastUpgradeCheck = 1200;
				TargetAttributes = {
					FA75D26424BA3029004F5F9F = {
						CreatedOnToolsVersion = 12.0;
					};
					FA75D27524BA302C004F5F9F = {
						CreatedOnToolsVersion = 12.0;
						TestTargetID = FA75D26424BA3029004F5F9F;
					};
					FA75D28024BA302C004F5F9F = {
						CreatedOnToolsVersion = 12.0;
						TestTargetID = FA75D26424BA3029004F5F9F;
					};
				};
			};
			buildConfigurationList = FA75D26024BA3028004F5F9F /* Build configuration list for PBXProject "OWTeamBuilder_2" */;
			compatibilityVersion = "Xcode 9.3";
			developmentRegion = en;
			hasScannedForEncodings = 0;
			knownRegions = (
				en,
				Base,
			);
			mainGroup = FA75D25C24BA3028004F5F9F;
			productRefGroup = FA75D26624BA3029004F5F9F /* Products */;
			projectDirPath = "";
			projectRoot = "";
			targets = (
				FA75D26424BA3029004F5F9F /* OWTeamBuilder_2 */,
				FA75D27524BA302C004F5F9F /* OWTeamBuilder_2Tests */,
				FA75D28024BA302C004F5F9F /* OWTeamBuilder_2UITests */,
			);
		};
/* End PBXProject section */

/* Begin PBXResourcesBuildPhase section */
		FA75D26324BA3029004F5F9F /* Resources */ = {
			isa = PBXResourcesBuildPhase;
			buildActionMask = 2147483647;
			files = (
				FA75D27024BA302B004F5F9F /* Preview Assets.xcassets in Resources */,
				FA75D26D24BA302B004F5F9F /* Assets.xcassets in Resources */,
			);
			runOnlyForDeploymentPostprocessing = 0;
		};
		FA75D27424BA302C004F5F9F /* Resources */ = {
			isa = PBXResourcesBuildPhase;
			buildActionMask = 2147483647;
			files = (
			);
			runOnlyForDeploymentPostprocessing = 0;
		};
		FA75D27F24BA302C004F5F9F /* Resources */ = {
			isa = PBXResourcesBuildPhase;
			buildActionMask = 2147483647;
			files = (
			);
			runOnlyForDeploymentPostprocessing = 0;
		};
/* End PBXResourcesBuildPhase section */

/* Begin PBXSourcesBuildPhase section */
		FA75D26124BA3029004F5F9F /* Sources */ = {
			isa = PBXSourcesBuildPhase;
			buildActionMask = 2147483647;
			files = (
				FA75D26B24BA3029004F5F9F /* ContentView.swift in Sources */,
				FA75D29E24BA374E004F5F9F /* SelectableHeroView.swift in Sources */,
				FA75D2A124BA375D004F5F9F /* OWHero.swift in Sources */,
				FA75D29D24BA374E004F5F9F /* HeroPortraitViewMask.swift in Sources */,
				FA75D2A524BA48A0004F5F9F /* TeamComposingView.swift in Sources */,
				FA75D2A724BA5192004F5F9F /* HeroPortraitView.swift in Sources */,
				FA75D29F24BA374E004F5F9F /* HeroScrollView.swift in Sources */,
				FA75D2A324BA3766004F5F9F /* OWHeroFactory.swift in Sources */,
				FAFE8F5524BB5EE800B5ADB2 /* HeroPortraitBackground.swift in Sources */,
				FA75D26924BA3029004F5F9F /* OWTeamBuilder_2App.swift in Sources */,
				FA75D29C24BA374E004F5F9F /* HeroSelectorView.swift in Sources */,
			);
			runOnlyForDeploymentPostprocessing = 0;
		};
		FA75D27224BA302C004F5F9F /* Sources */ = {
			isa = PBXSourcesBuildPhase;
			buildActionMask = 2147483647;
			files = (
				FA75D27B24BA302C004F5F9F /* OWTeamBuilder_2Tests.swift in Sources */,
			);
			runOnlyForDeploymentPostprocessing = 0;
		};
		FA75D27D24BA302C004F5F9F /* Sources */ = {
			isa = PBXSourcesBuildPhase;
			buildActionMask = 2147483647;
			files = (
				FA75D28624BA302C004F5F9F /* OWTeamBuilder_2UITests.swift in Sources */,
			);
			runOnlyForDeploymentPostprocessing = 0;
		};
/* End PBXSourcesBuildPhase section */

/* Begin PBXTargetDependency section */
		FA75D27824BA302C004F5F9F /* PBXTargetDependency */ = {
			isa = PBXTargetDependency;
			target = FA75D26424BA3029004F5F9F /* OWTeamBuilder_2 */;
			targetProxy = FA75D27724BA302C004F5F9F /* PBXContainerItemProxy */;
		};
		FA75D28324BA302C004F5F9F /* PBXTargetDependency */ = {
			isa = PBXTargetDependency;
			target = FA75D26424BA3029004F5F9F /* OWTeamBuilder_2 */;
			targetProxy = FA75D28224BA302C004F5F9F /* PBXContainerItemProxy */;
		};
/* End PBXTargetDependency section */

/* Begin XCBuildConfiguration section */
		FA75D28824BA302C004F5F9F /* Debug */ = {
			isa = XCBuildConfiguration;
			buildSettings = {
				ALWAYS_SEARCH_USER_PATHS = NO;
				CLANG_ANALYZER_NONNULL = YES;
				CLANG_ANALYZER_NUMBER_OBJECT_CONVERSION = YES_AGGRESSIVE;
				CLANG_CXX_LANGUAGE_STANDARD = "gnu++14";
				CLANG_CXX_LIBRARY = "libc++";
				CLANG_ENABLE_MODULES = YES;
				CLANG_ENABLE_OBJC_ARC = YES;
				CLANG_ENABLE_OBJC_WEAK = YES;
				CLANG_WARN_BLOCK_CAPTURE_AUTORELEASING = YES;
				CLANG_WARN_BOOL_CONVERSION = YES;
				CLANG_WARN_COMMA = YES;
				CLANG_WARN_CONSTANT_CONVERSION = YES;
				CLANG_WARN_DEPRECATED_OBJC_IMPLEMENTATIONS = YES;
				CLANG_WARN_DIRECT_OBJC_ISA_USAGE = YES_ERROR;
				CLANG_WARN_DOCUMENTATION_COMMENTS = YES;
				CLANG_WARN_EMPTY_BODY = YES;
				CLANG_WARN_ENUM_CONVERSION = YES;
				CLANG_WARN_INFINITE_RECURSION = YES;
				CLANG_WARN_INT_CONVERSION = YES;
				CLANG_WARN_NON_LITERAL_NULL_CONVERSION = YES;
				CLANG_WARN_OBJC_IMPLICIT_RETAIN_SELF = YES;
				CLANG_WARN_OBJC_LITERAL_CONVERSION = YES;
				CLANG_WARN_OBJC_ROOT_CLASS = YES_ERROR;
				CLANG_WARN_QUOTED_INCLUDE_IN_FRAMEWORK_HEADER = YES;
				CLANG_WARN_RANGE_LOOP_ANALYSIS = YES;
				CLANG_WARN_STRICT_PROTOTYPES = YES;
				CLANG_WARN_SUSPICIOUS_MOVE = YES;
				CLANG_WARN_UNGUARDED_AVAILABILITY = YES_AGGRESSIVE;
				CLANG_WARN_UNREACHABLE_CODE = YES;
				CLANG_WARN__DUPLICATE_METHOD_MATCH = YES;
				COPY_PHASE_STRIP = NO;
				DEBUG_INFORMATION_FORMAT = dwarf;
				ENABLE_STRICT_OBJC_MSGSEND = YES;
				ENABLE_TESTABILITY = YES;
				GCC_C_LANGUAGE_STANDARD = gnu11;
				GCC_DYNAMIC_NO_PIC = NO;
				GCC_NO_COMMON_BLOCKS = YES;
				GCC_OPTIMIZATION_LEVEL = 0;
				GCC_PREPROCESSOR_DEFINITIONS = (
					"DEBUG=1",
					"$(inherited)",
				);
				GCC_WARN_64_TO_32_BIT_CONVERSION = YES;
				GCC_WARN_ABOUT_RETURN_TYPE = YES_ERROR;
				GCC_WARN_UNDECLARED_SELECTOR = YES;
				GCC_WARN_UNINITIALIZED_AUTOS = YES_AGGRESSIVE;
				GCC_WARN_UNUSED_FUNCTION = YES;
				GCC_WARN_UNUSED_VARIABLE = YES;
				IPHONEOS_DEPLOYMENT_TARGET = 14.0;
				MTL_ENABLE_DEBUG_INFO = INCLUDE_SOURCE;
				MTL_FAST_MATH = YES;
				ONLY_ACTIVE_ARCH = YES;
				SDKROOT = iphoneos;
				SWIFT_ACTIVE_COMPILATION_CONDITIONS = DEBUG;
				SWIFT_OPTIMIZATION_LEVEL = "-Onone";
			};
			name = Debug;
		};
		FA75D28924BA302C004F5F9F /* Release */ = {
			isa = XCBuildConfiguration;
			buildSettings = {
				ALWAYS_SEARCH_USER_PATHS = NO;
				CLANG_ANALYZER_NONNULL = YES;
				CLANG_ANALYZER_NUMBER_OBJECT_CONVERSION = YES_AGGRESSIVE;
				CLANG_CXX_LANGUAGE_STANDARD = "gnu++14";
				CLANG_CXX_LIBRARY = "libc++";
				CLANG_ENABLE_MODULES = YES;
				CLANG_ENABLE_OBJC_ARC = YES;
				CLANG_ENABLE_OBJC_WEAK = YES;
				CLANG_WARN_BLOCK_CAPTURE_AUTORELEASING = YES;
				CLANG_WARN_BOOL_CONVERSION = YES;
				CLANG_WARN_COMMA = YES;
				CLANG_WARN_CONSTANT_CONVERSION = YES;
				CLANG_WARN_DEPRECATED_OBJC_IMPLEMENTATIONS = YES;
				CLANG_WARN_DIRECT_OBJC_ISA_USAGE = YES_ERROR;
				CLANG_WARN_DOCUMENTATION_COMMENTS = YES;
				CLANG_WARN_EMPTY_BODY = YES;
				CLANG_WARN_ENUM_CONVERSION = YES;
				CLANG_WARN_INFINITE_RECURSION = YES;
				CLANG_WARN_INT_CONVERSION = YES;
				CLANG_WARN_NON_LITERAL_NULL_CONVERSION = YES;
				CLANG_WARN_OBJC_IMPLICIT_RETAIN_SELF = YES;
				CLANG_WARN_OBJC_LITERAL_CONVERSION = YES;
				CLANG_WARN_OBJC_ROOT_CLASS = YES_ERROR;
				CLANG_WARN_QUOTED_INCLUDE_IN_FRAMEWORK_HEADER = YES;
				CLANG_WARN_RANGE_LOOP_ANALYSIS = YES;
				CLANG_WARN_STRICT_PROTOTYPES = YES;
				CLANG_WARN_SUSPICIOUS_MOVE = YES;
				CLANG_WARN_UNGUARDED_AVAILABILITY = YES_AGGRESSIVE;
				CLANG_WARN_UNREACHABLE_CODE = YES;
				CLANG_WARN__DUPLICATE_METHOD_MATCH = YES;
				COPY_PHASE_STRIP = NO;
				DEBUG_INFORMATION_FORMAT = "dwarf-with-dsym";
				ENABLE_NS_ASSERTIONS = NO;
				ENABLE_STRICT_OBJC_MSGSEND = YES;
				GCC_C_LANGUAGE_STANDARD = gnu11;
				GCC_NO_COMMON_BLOCKS = YES;
				GCC_WARN_64_TO_32_BIT_CONVERSION = YES;
				GCC_WARN_ABOUT_RETURN_TYPE = YES_ERROR;
				GCC_WARN_UNDECLARED_SELECTOR = YES;
				GCC_WARN_UNINITIALIZED_AUTOS = YES_AGGRESSIVE;
				GCC_WARN_UNUSED_FUNCTION = YES;
				GCC_WARN_UNUSED_VARIABLE = YES;
				IPHONEOS_DEPLOYMENT_TARGET = 14.0;
				MTL_ENABLE_DEBUG_INFO = NO;
				MTL_FAST_MATH = YES;
				SDKROOT = iphoneos;
				SWIFT_COMPILATION_MODE = wholemodule;
				SWIFT_OPTIMIZATION_LEVEL = "-O";
				VALIDATE_PRODUCT = YES;
			};
			name = Release;
		};
		FA75D28B24BA302C004F5F9F /* Debug */ = {
			isa = XCBuildConfiguration;
			buildSettings = {
				ASSETCATALOG_COMPILER_APPICON_NAME = AppIcon;
				ASSETCATALOG_COMPILER_GLOBAL_ACCENT_COLOR_NAME = AccentColor;
				CODE_SIGN_STYLE = Automatic;
				DEVELOPMENT_ASSET_PATHS = "\"OWTeamBuilder_2/Preview Content\"";
				DEVELOPMENT_TEAM = DDQSASC66F;
				ENABLE_PREVIEWS = YES;
				INFOPLIST_FILE = OWTeamBuilder_2/Info.plist;
				IPHONEOS_DEPLOYMENT_TARGET = 14.0;
				LD_RUNPATH_SEARCH_PATHS = (
					"$(inherited)",
					"@executable_path/Frameworks",
				);
				PRODUCT_BUNDLE_IDENTIFIER = "edu.stanford.cs193p.agubanov.OWTeamBuilder-2";
				PRODUCT_NAME = "$(TARGET_NAME)";
				SWIFT_VERSION = 5.0;
				TARGETED_DEVICE_FAMILY = "1,2";
			};
			name = Debug;
		};
		FA75D28C24BA302C004F5F9F /* Release */ = {
			isa = XCBuildConfiguration;
			buildSettings = {
				ASSETCATALOG_COMPILER_APPICON_NAME = AppIcon;
				ASSETCATALOG_COMPILER_GLOBAL_ACCENT_COLOR_NAME = AccentColor;
				CODE_SIGN_STYLE = Automatic;
				DEVELOPMENT_ASSET_PATHS = "\"OWTeamBuilder_2/Preview Content\"";
				DEVELOPMENT_TEAM = DDQSASC66F;
				ENABLE_PREVIEWS = YES;
				INFOPLIST_FILE = OWTeamBuilder_2/Info.plist;
				IPHONEOS_DEPLOYMENT_TARGET = 14.0;
				LD_RUNPATH_SEARCH_PATHS = (
					"$(inherited)",
					"@executable_path/Frameworks",
				);
				PRODUCT_BUNDLE_IDENTIFIER = "edu.stanford.cs193p.agubanov.OWTeamBuilder-2";
				PRODUCT_NAME = "$(TARGET_NAME)";
				SWIFT_VERSION = 5.0;
				TARGETED_DEVICE_FAMILY = "1,2";
			};
			name = Release;
		};
		FA75D28E24BA302C004F5F9F /* Debug */ = {
			isa = XCBuildConfiguration;
			buildSettings = {
				ALWAYS_EMBED_SWIFT_STANDARD_LIBRARIES = YES;
				BUNDLE_LOADER = "$(TEST_HOST)";
				CODE_SIGN_STYLE = Automatic;
				DEVELOPMENT_TEAM = DDQSASC66F;
				INFOPLIST_FILE = OWTeamBuilder_2Tests/Info.plist;
				IPHONEOS_DEPLOYMENT_TARGET = 14.0;
				LD_RUNPATH_SEARCH_PATHS = (
					"$(inherited)",
					"@executable_path/Frameworks",
					"@loader_path/Frameworks",
				);
				PRODUCT_BUNDLE_IDENTIFIER = "edu.stanford.cs193p.agubanov.OWTeamBuilder-2Tests";
				PRODUCT_NAME = "$(TARGET_NAME)";
				SWIFT_VERSION = 5.0;
				TARGETED_DEVICE_FAMILY = "1,2";
				TEST_HOST = "$(BUILT_PRODUCTS_DIR)/OWTeamBuilder_2.app/OWTeamBuilder_2";
			};
			name = Debug;
		};
		FA75D28F24BA302C004F5F9F /* Release */ = {
			isa = XCBuildConfiguration;
			buildSettings = {
				ALWAYS_EMBED_SWIFT_STANDARD_LIBRARIES = YES;
				BUNDLE_LOADER = "$(TEST_HOST)";
				CODE_SIGN_STYLE = Automatic;
				DEVELOPMENT_TEAM = DDQSASC66F;
				INFOPLIST_FILE = OWTeamBuilder_2Tests/Info.plist;
				IPHONEOS_DEPLOYMENT_TARGET = 14.0;
				LD_RUNPATH_SEARCH_PATHS = (
					"$(inherited)",
					"@executable_path/Frameworks",
					"@loader_path/Frameworks",
				);
				PRODUCT_BUNDLE_IDENTIFIER = "edu.stanford.cs193p.agubanov.OWTeamBuilder-2Tests";
				PRODUCT_NAME = "$(TARGET_NAME)";
				SWIFT_VERSION = 5.0;
				TARGETED_DEVICE_FAMILY = "1,2";
				TEST_HOST = "$(BUILT_PRODUCTS_DIR)/OWTeamBuilder_2.app/OWTeamBuilder_2";
			};
			name = Release;
		};
		FA75D29124BA302C004F5F9F /* Debug */ = {
			isa = XCBuildConfiguration;
			buildSettings = {
				ALWAYS_EMBED_SWIFT_STANDARD_LIBRARIES = YES;
				CODE_SIGN_STYLE = Automatic;
				DEVELOPMENT_TEAM = DDQSASC66F;
				INFOPLIST_FILE = OWTeamBuilder_2UITests/Info.plist;
				LD_RUNPATH_SEARCH_PATHS = (
					"$(inherited)",
					"@executable_path/Frameworks",
					"@loader_path/Frameworks",
				);
				PRODUCT_BUNDLE_IDENTIFIER = "edu.stanford.cs193p.agubanov.OWTeamBuilder-2UITests";
				PRODUCT_NAME = "$(TARGET_NAME)";
				SWIFT_VERSION = 5.0;
				TARGETED_DEVICE_FAMILY = "1,2";
				TEST_TARGET_NAME = OWTeamBuilder_2;
			};
			name = Debug;
		};
		FA75D29224BA302C004F5F9F /* Release */ = {
			isa = XCBuildConfiguration;
			buildSettings = {
				ALWAYS_EMBED_SWIFT_STANDARD_LIBRARIES = YES;
				CODE_SIGN_STYLE = Automatic;
				DEVELOPMENT_TEAM = DDQSASC66F;
				INFOPLIST_FILE = OWTeamBuilder_2UITests/Info.plist;
				LD_RUNPATH_SEARCH_PATHS = (
					"$(inherited)",
					"@executable_path/Frameworks",
					"@loader_path/Frameworks",
				);
				PRODUCT_BUNDLE_IDENTIFIER = "edu.stanford.cs193p.agubanov.OWTeamBuilder-2UITests";
				PRODUCT_NAME = "$(TARGET_NAME)";
				SWIFT_VERSION = 5.0;
				TARGETED_DEVICE_FAMILY = "1,2";
				TEST_TARGET_NAME = OWTeamBuilder_2;
			};
			name = Release;
		};
/* End XCBuildConfiguration section */

/* Begin XCConfigurationList section */
		FA75D26024BA3028004F5F9F /* Build configuration list for PBXProject "OWTeamBuilder_2" */ = {
			isa = XCConfigurationList;
			buildConfigurations = (
				FA75D28824BA302C004F5F9F /* Debug */,
				FA75D28924BA302C004F5F9F /* Release */,
			);
			defaultConfigurationIsVisible = 0;
			defaultConfigurationName = Release;
		};
		FA75D28A24BA302C004F5F9F /* Build configuration list for PBXNativeTarget "OWTeamBuilder_2" */ = {
			isa = XCConfigurationList;
			buildConfigurations = (
				FA75D28B24BA302C004F5F9F /* Debug */,
				FA75D28C24BA302C004F5F9F /* Release */,
			);
			defaultConfigurationIsVisible = 0;
			defaultConfigurationName = Release;
		};
		FA75D28D24BA302C004F5F9F /* Build configuration list for PBXNativeTarget "OWTeamBuilder_2Tests" */ = {
			isa = XCConfigurationList;
			buildConfigurations = (
				FA75D28E24BA302C004F5F9F /* Debug */,
				FA75D28F24BA302C004F5F9F /* Release */,
			);
			defaultConfigurationIsVisible = 0;
			defaultConfigurationName = Release;
		};
		FA75D29024BA302C004F5F9F /* Build configuration list for PBXNativeTarget "OWTeamBuilder_2UITests" */ = {
			isa = XCConfigurationList;
			buildConfigurations = (
				FA75D29124BA302C004F5F9F /* Debug */,
				FA75D29224BA302C004F5F9F /* Release */,
			);
			defaultConfigurationIsVisible = 0;
			defaultConfigurationName = Release;
		};
/* End XCConfigurationList section */
	};
	rootObject = FA75D25D24BA3028004F5F9F /* Project object */;
}
